
Microsoft Visual Studio Solution File, Format Version 12.00
# Visual Studio Version 17
VisualStudioVersion = 17.10.35027.167
MinimumVisualStudioVersion = 10.0.40219.1
Project("{FAE04EC0-301F-11D3-BF4B-00C04F79EFBC}") = "PrimeraAppQ32024", "PrimeraAppQ32024\PrimeraAppQ32024.csproj", "{F6C7DF96-7F67-41BC-B44A-079BAB51C726}"
EndProject
Global
	GlobalSection(SolutionConfigurationPlatforms) = preSolution
		Debug|Any CPU = Debug|Any CPU
		Release|Any CPU = Release|Any CPU
	EndGlobalSection
	GlobalSection(ProjectConfigurationPlatforms) = postSolution
		{F6C7DF96-7F67-41BC-B44A-079BAB51C726}.Debug|Any CPU.ActiveCfg = Debug|Any CPU
		{F6C7DF96-7F67-41BC-B44A-079BAB51C726}.Debug|Any CPU.Build.0 = Debug|Any CPU
		{F6C7DF96-7F67-41BC-B44A-079BAB51C726}.Debug|Any CPU.Deploy.0 = Debug|Any CPU
		{F6C7DF96-7F67-41BC-B44A-079BAB51C726}.Release|Any CPU.ActiveCfg = Release|Any CPU
		{F6C7DF96-7F67-41BC-B44A-079BAB51C726}.Release|Any CPU.Build.0 = Release|Any CPU
		{F6C7DF96-7F67-41BC-B44A-079BAB51C726}.Release|Any CPU.Deploy.0 = Release|Any CPU
	EndGlobalSection
	GlobalSection(SolutionProperties) = preSolution
		HideSolutionNode = FALSE
	EndGlobalSection
	GlobalSection(ExtensibilityGlobals) = postSolution
		SolutionGuid = {85288761-87EA-4441-A14B-01C57C394FDF}
	EndGlobalSection
EndGlobal
